
Microsoft Visual Studio Solution File, Format Version 12.00
# Visual Studio Version 16
VisualStudioVersion = 16.0.30611.23
MinimumVisualStudioVersion = 10.0.40219.1
Project("{9A19103F-16F7-4668-BE54-9A1E7A4F7556}") = "ConsoleApp1", "ConsoleApp1\ConsoleApp1.csproj", "{127FC082-9350-416E-877B-A434230F3C11}"
EndProject
Project("{9A19103F-16F7-4668-BE54-9A1E7A4F7556}") = "CustomException", "CustomException\CustomException.csproj", "{2A18325E-3CD6-4732-81BE-705DF0DB9669}"
EndProject
Project("{9A19103F-16F7-4668-BE54-9A1E7A4F7556}") = "Generics", "Generics\Generics.csproj", "{552E7EA0-CACC-4422-8ABC-E774F7AB487B}"
EndProject
Project("{9A19103F-16F7-4668-BE54-9A1E7A4F7556}") = "Nullable", "Nullable\Nullable.csproj", "{5C5628AC-794B-4539-B155-41DFCC62E91B}"
EndProject
Project("{9A19103F-16F7-4668-BE54-9A1E7A4F7556}") = "Crestrict", "Crestrict\Crestrict.csproj", "{1AA5A463-39BA-4501-B78A-ACD10EAD8801}"
EndProject
Project("{9A19103F-16F7-4668-BE54-9A1E7A4F7556}") = "Oparameter", "Oparameter\Oparameter.csproj", "{EED2FD8A-9AC5-4082-AF10-2E3D60CA886B}"
EndProject
Project("{9A19103F-16F7-4668-BE54-9A1E7A4F7556}") = "Iterators", "Iterators\Iterators.csproj", "{A1293AAA-D860-41F5-9353-529FC183351C}"
EndProject
Project("{9A19103F-16F7-4668-BE54-9A1E7A4F7556}") = "NProperty", "NProperty\NProperty.csproj", "{78033AF0-E91C-4B09-BFD5-705F61B65B79}"
EndProject
Project("{9A19103F-16F7-4668-BE54-9A1E7A4F7556}") = "Sample", "Sample\Sample.csproj", "{2C9BEF6D-4EA6-4607-9D29-8AD01813FF7E}"
EndProject
Project("{9A19103F-16F7-4668-BE54-9A1E7A4F7556}") = "Lambda", "Lambda\Lambda.csproj", "{B29E62B9-67D6-4002-A379-A0F087DB629F}"
EndProject
Project("{9A19103F-16F7-4668-BE54-9A1E7A4F7556}") = "Aggregate", "LambdaMethods\Aggregate.csproj", "{499E4018-A3E6-442B-B06E-EA1A6DDDB13E}"
EndProject
Project("{9A19103F-16F7-4668-BE54-9A1E7A4F7556}") = "ConsoleApp3", "ConsoleApp3\ConsoleApp3.csproj", "{55BE530A-B5C6-431C-9826-C6C0A3AF388D}"
EndProject
Project("{9A19103F-16F7-4668-BE54-9A1E7A4F7556}") = "AllandAny", "AllandAny\AllandAny.csproj", "{0C74B6F0-D6FB-4AA5-AD61-098EE328C58E}"
EndProject
Project("{9A19103F-16F7-4668-BE54-9A1E7A4F7556}") = "Append", "Append\Append.csproj", "{DE38AC4A-F592-4E9F-9412-BEDA3745D55A}"
EndProject
Project("{9A19103F-16F7-4668-BE54-9A1E7A4F7556}") = "Average", "Average\Average.csproj", "{22A113F9-0AFE-442B-A734-5E8E004B5E9D}"
EndProject
Project("{9A19103F-16F7-4668-BE54-9A1E7A4F7556}") = "Cast", "Cast\Cast.csproj", "{549A3E49-168A-4C90-BB28-D4B8AC31F5EF}"
EndProject
Project("{9A19103F-16F7-4668-BE54-9A1E7A4F7556}") = "Contains", "Contains\Contains.csproj", "{69C2C922-4B0A-453A-B1CE-E5777DF89D58}"
EndProject
Project("{9A19103F-16F7-4668-BE54-9A1E7A4F7556}") = "Count", "Count\Count.csproj", "{575540DF-EFCA-4271-B154-6DFD82DF6D39}"
EndProject
Project("{9A19103F-16F7-4668-BE54-9A1E7A4F7556}") = "DefaultIfEmpty", "DefaultIfEmpty\DefaultIfEmpty.csproj", "{BE3C57CA-2D67-4245-B474-FA95914EF037}"
EndProject
Project("{9A19103F-16F7-4668-BE54-9A1E7A4F7556}") = "AsEnumerable", "AsEnumerable\AsEnumerable.csproj", "{773E5241-067E-42A8-95F0-7781650E0ADF}"
EndProject
Project("{9A19103F-16F7-4668-BE54-9A1E7A4F7556}") = "Distinct", "Distinct\Distinct.csproj", "{2790FA52-4532-4270-BC4D-8F6FB7A83581}"
EndProject
Project("{9A19103F-16F7-4668-BE54-9A1E7A4F7556}") = "ElementAt", "ElementAt\ElementAt.csproj", "{1A5F43AB-A577-4E31-B390-8A2E410B9A4E}"
EndProject
Project("{9A19103F-16F7-4668-BE54-9A1E7A4F7556}") = "ElementAtorDefault", "ElementAtorDefault\ElementAtorDefault.csproj", "{F806A337-0B99-44EB-86CB-2B4E51A7BE8E}"
EndProject
Project("{9A19103F-16F7-4668-BE54-9A1E7A4F7556}") = "Empty", "Empty\Empty.csproj", "{048A8502-2BB3-4229-ADEE-BB6996C4A521}"
EndProject
Project("{9A19103F-16F7-4668-BE54-9A1E7A4F7556}") = "Except", "Except\Except.csproj", "{981441D0-EE22-49E1-8A90-FB59E74D4DBA}"
EndProject
Project("{9A19103F-16F7-4668-BE54-9A1E7A4F7556}") = "First", "First\First.csproj", "{4A99AEBF-CFE7-4724-B72A-B14B296E9B81}"
EndProject
Project("{9A19103F-16F7-4668-BE54-9A1E7A4F7556}") = "FirstOrDefault", "FirstOrDefault\FirstOrDefault.csproj", "{F0CAD149-79DE-42C3-BD2C-E268F3546D48}"
EndProject
Project("{9A19103F-16F7-4668-BE54-9A1E7A4F7556}") = "GroupBy", "GroupBy\GroupBy.csproj", "{C9EB32DD-59C2-4E44-8DE0-0E078C9CB4E4}"
EndProject
Project("{9A19103F-16F7-4668-BE54-9A1E7A4F7556}") = "GroupJoin", "GroupJoin\GroupJoin.csproj", "{C5708B59-FA61-4AD1-8E23-426CA4F118F6}"
EndProject
Project("{9A19103F-16F7-4668-BE54-9A1E7A4F7556}") = "Intersect", "Intersect\Intersect.csproj", "{20E9E0FF-DF19-4769-A7AB-216C3D09E294}"
EndProject
Project("{9A19103F-16F7-4668-BE54-9A1E7A4F7556}") = "Join", "Join\Join.csproj", "{F7A185B1-7A77-4F49-B5C8-6F8C92D86C1F}"
EndProject
Project("{9A19103F-16F7-4668-BE54-9A1E7A4F7556}") = "Last", "Last\Last.csproj", "{E792EDAE-03F3-45B4-A63D-3E774B3415C9}"
EndProject
Project("{9A19103F-16F7-4668-BE54-9A1E7A4F7556}") = "LastOrDefault", "LastOrDefault\LastOrDefault.csproj", "{CA5CE061-F3C6-459A-BDEA-51CE1EF3BD74}"
EndProject
Project("{9A19103F-16F7-4668-BE54-9A1E7A4F7556}") = "LongCount", "LongCount\LongCount.csproj", "{13AA94D1-E1F3-4753-A24E-39CB6EBE8D75}"
EndProject
Project("{9A19103F-16F7-4668-BE54-9A1E7A4F7556}") = "Max", "Max\Max.csproj", "{6BC2B6A3-B99B-4A64-8C8E-EC321EDCDAC2}"
EndProject
Project("{9A19103F-16F7-4668-BE54-9A1E7A4F7556}") = "Min", "Min\Min.csproj", "{BB782579-B0A6-4362-A37A-4550AAE39FDF}"
EndProject
Project("{9A19103F-16F7-4668-BE54-9A1E7A4F7556}") = "OfType", "OfType\OfType.csproj", "{29A67293-3E3C-4421-A5F9-C95895000574}"
EndProject
Project("{9A19103F-16F7-4668-BE54-9A1E7A4F7556}") = "OrderBy", "OrderBy\OrderBy.csproj", "{600EDC45-43B9-45FB-BFAF-C6B3A13D0DF2}"
EndProject
Project("{9A19103F-16F7-4668-BE54-9A1E7A4F7556}") = "OrderByDescending", "OrderByDescending\OrderByDescending.csproj", "{63339324-918D-4048-A9EC-416367087ABA}"
EndProject
Project("{9A19103F-16F7-4668-BE54-9A1E7A4F7556}") = "Prepend", "Prepend\Prepend.csproj", "{6E06ED70-894E-4D77-A435-4508BE181E51}"
EndProject
Project("{9A19103F-16F7-4668-BE54-9A1E7A4F7556}") = "Range", "Range\Range.csproj", "{409AD283-8B81-4F4C-8D15-2AA95244FF7E}"
EndProject
Project("{9A19103F-16F7-4668-BE54-9A1E7A4F7556}") = "Repeat", "Repeat\Repeat.csproj", "{FB76420B-28D8-4623-9404-2DBECA1E1519}"
EndProject
Project("{9A19103F-16F7-4668-BE54-9A1E7A4F7556}") = "ToArray", "ToArray\ToArray.csproj", "{01D5797D-9BE9-4D35-B932-2A8CA457C525}"
EndProject
Project("{9A19103F-16F7-4668-BE54-9A1E7A4F7556}") = "Select", "Select\Select.csproj", "{E803A567-39F0-47C2-B50D-B642F26FFA14}"
EndProject
Project("{9A19103F-16F7-4668-BE54-9A1E7A4F7556}") = "SelectMany", "SelectMany\SelectMany.csproj", "{DC6B8026-B1E3-42D9-83E4-C32ED83364F8}"
EndProject
Project("{9A19103F-16F7-4668-BE54-9A1E7A4F7556}") = "Single", "Single\Single.csproj", "{7C4313EF-8A5D-4756-8270-2924E87B04FF}"
EndProject
Project("{9A19103F-16F7-4668-BE54-9A1E7A4F7556}") = "SingleOrDefault", "SingleOrDefault\SingleOrDefault.csproj", "{C93E78F9-D851-476B-A191-A8248E86356A}"
EndProject
Project("{9A19103F-16F7-4668-BE54-9A1E7A4F7556}") = "Skip", "Skip\Skip.csproj", "{6A03C622-7856-4D92-8AAE-0D9443B11746}"
EndProject
Project("{9A19103F-16F7-4668-BE54-9A1E7A4F7556}") = "SkipLast", "SkipLast\SkipLast.csproj", "{378F8066-D8F7-427E-880D-FA31BDEF5F52}"
EndProject
Project("{9A19103F-16F7-4668-BE54-9A1E7A4F7556}") = "SkipWhile", "SkipWhile\SkipWhile.csproj", "{EB7BA1DC-1EFF-4362-9F62-E47C0D128211}"
EndProject
Project("{9A19103F-16F7-4668-BE54-9A1E7A4F7556}") = "Sum", "Sum\Sum.csproj", "{ABA7399E-FCA2-4C58-A6DC-A8B0D559BF18}"
EndProject
Project("{9A19103F-16F7-4668-BE54-9A1E7A4F7556}") = "TakeandTakeLastandTakeWhile", "TakeandTakeLast\TakeandTakeLastandTakeWhile.csproj", "{65378DE6-F901-45AB-A9D8-A85220149285}"
EndProject
Project("{9A19103F-16F7-4668-BE54-9A1E7A4F7556}") = "ThenBy", "ThenBy\ThenBy.csproj", "{E0E2C5C1-A4E0-4257-A67D-C2F1413481EF}"
EndProject
Project("{9A19103F-16F7-4668-BE54-9A1E7A4F7556}") = "ThenByDescending", "ThenByDescending\ThenByDescending.csproj", "{A4BD303D-3783-4F9F-A169-25CB1AAC5AD4}"
EndProject
Project("{9A19103F-16F7-4668-BE54-9A1E7A4F7556}") = "Reverse", "Reverse\Reverse.csproj", "{44DF584E-A93F-40A3-9FFC-14B4D75EAF58}"
EndProject
Project("{9A19103F-16F7-4668-BE54-9A1E7A4F7556}") = "ToDictionary", "ToDictionary\ToDictionary.csproj", "{52639585-4D45-4E30-80F5-271E113A65D6}"
EndProject
Project("{9A19103F-16F7-4668-BE54-9A1E7A4F7556}") = "ToHashSet", "ToHashSet\ToHashSet.csproj", "{9DAF2E2E-6A68-44BA-9D19-01612C43276E}"
EndProject
Project("{9A19103F-16F7-4668-BE54-9A1E7A4F7556}") = "ToList", "ToList\ToList.csproj", "{9286A7D1-85EE-43F7-A521-4AA519E99FD1}"
EndProject
Project("{9A19103F-16F7-4668-BE54-9A1E7A4F7556}") = "ToLookup", "ToLookup\ToLookup.csproj", "{67DBB264-BCC3-4022-A26D-827C841DC29C}"
EndProject
Project("{9A19103F-16F7-4668-BE54-9A1E7A4F7556}") = "Union", "Union\Union.csproj", "{CDC933E6-2153-417A-A559-20023F18A6D2}"
EndProject
Project("{9A19103F-16F7-4668-BE54-9A1E7A4F7556}") = "Where", "Where\Where.csproj", "{13608A05-CB71-4BB9-9267-F8B90AF21935}"
EndProject
Project("{9A19103F-16F7-4668-BE54-9A1E7A4F7556}") = "Zip", "Zip\Zip.csproj", "{302F1DA5-8E8D-45D1-9B4B-9A49146C0E04}"
EndProject
Project("{9A19103F-16F7-4668-BE54-9A1E7A4F7556}") = "Events", "Events\Events.csproj", "{C6EF3342-551E-428A-BEFE-346C7B91B9CE}"
EndProject
Project("{9A19103F-16F7-4668-BE54-9A1E7A4F7556}") = "ExtensionMethod", "ExtensionMethod\ExtensionMethod.csproj", "{085F60A7-E0E1-4236-98DA-487641D690D3}"
EndProject
Project("{9A19103F-16F7-4668-BE54-9A1E7A4F7556}") = "EmployeeDB", "EmployeeDB\EmployeeDB.csproj", "{028CDA2A-DAF9-42FF-9BB9-3E926BDD3149}"
EndProject
Project("{9A19103F-16F7-4668-BE54-9A1E7A4F7556}") = "Synchronous", "Synchronous\Synchronous.csproj", "{35A9F39E-344D-4460-BC4E-1B120ADDA723}"
EndProject
Project("{9A19103F-16F7-4668-BE54-9A1E7A4F7556}") = "Asynchronous", "Asynchronous\Asynchronous.csproj", "{FEB7BEA1-E449-4CBD-B2EE-551F0F2C22DA}"
EndProject
Project("{9A19103F-16F7-4668-BE54-9A1E7A4F7556}") = "Dynamic", "Dynamic\Dynamic.csproj", "{5D529418-F539-46BF-A8A9-307B060746EC}"
EndProject
Project("{FAE04EC0-301F-11D3-BF4B-00C04F79EFBC}") = "Regular Expressions", "Regular Expressions\Regular Expressions.csproj", "{998D27F1-843E-48CC-AB6E-BA76AE8FE12D}"
EndProject
Global
	GlobalSection(SolutionConfigurationPlatforms) = preSolution
		Debug|Any CPU = Debug|Any CPU
		Release|Any CPU = Release|Any CPU
	EndGlobalSection
	GlobalSection(ProjectConfigurationPlatforms) = postSolution
		{127FC082-9350-416E-877B-A434230F3C11}.Debug|Any CPU.ActiveCfg = Debug|Any CPU
		{127FC082-9350-416E-877B-A434230F3C11}.Debug|Any CPU.Build.0 = Debug|Any CPU
		{127FC082-9350-416E-877B-A434230F3C11}.Release|Any CPU.ActiveCfg = Release|Any CPU
		{127FC082-9350-416E-877B-A434230F3C11}.Release|Any CPU.Build.0 = Release|Any CPU
		{2A18325E-3CD6-4732-81BE-705DF0DB9669}.Debug|Any CPU.ActiveCfg = Debug|Any CPU
		{2A18325E-3CD6-4732-81BE-705DF0DB9669}.Debug|Any CPU.Build.0 = Debug|Any CPU
		{2A18325E-3CD6-4732-81BE-705DF0DB9669}.Release|Any CPU.ActiveCfg = Release|Any CPU
		{2A18325E-3CD6-4732-81BE-705DF0DB9669}.Release|Any CPU.Build.0 = Release|Any CPU
		{552E7EA0-CACC-4422-8ABC-E774F7AB487B}.Debug|Any CPU.ActiveCfg = Debug|Any CPU
		{552E7EA0-CACC-4422-8ABC-E774F7AB487B}.Debug|Any CPU.Build.0 = Debug|Any CPU
		{552E7EA0-CACC-4422-8ABC-E774F7AB487B}.Release|Any CPU.ActiveCfg = Release|Any CPU
		{552E7EA0-CACC-4422-8ABC-E774F7AB487B}.Release|Any CPU.Build.0 = Release|Any CPU
		{5C5628AC-794B-4539-B155-41DFCC62E91B}.Debug|Any CPU.ActiveCfg = Debug|Any CPU
		{5C5628AC-794B-4539-B155-41DFCC62E91B}.Debug|Any CPU.Build.0 = Debug|Any CPU
		{5C5628AC-794B-4539-B155-41DFCC62E91B}.Release|Any CPU.ActiveCfg = Release|Any CPU
		{5C5628AC-794B-4539-B155-41DFCC62E91B}.Release|Any CPU.Build.0 = Release|Any CPU
		{1AA5A463-39BA-4501-B78A-ACD10EAD8801}.Debug|Any CPU.ActiveCfg = Debug|Any CPU
		{1AA5A463-39BA-4501-B78A-ACD10EAD8801}.Debug|Any CPU.Build.0 = Debug|Any CPU
		{1AA5A463-39BA-4501-B78A-ACD10EAD8801}.Release|Any CPU.ActiveCfg = Release|Any CPU
		{1AA5A463-39BA-4501-B78A-ACD10EAD8801}.Release|Any CPU.Build.0 = Release|Any CPU
		{EED2FD8A-9AC5-4082-AF10-2E3D60CA886B}.Debug|Any CPU.ActiveCfg = Debug|Any CPU
		{EED2FD8A-9AC5-4082-AF10-2E3D60CA886B}.Debug|Any CPU.Build.0 = Debug|Any CPU
		{EED2FD8A-9AC5-4082-AF10-2E3D60CA886B}.Release|Any CPU.ActiveCfg = Release|Any CPU
		{EED2FD8A-9AC5-4082-AF10-2E3D60CA886B}.Release|Any CPU.Build.0 = Release|Any CPU
		{A1293AAA-D860-41F5-9353-529FC183351C}.Debug|Any CPU.ActiveCfg = Debug|Any CPU
		{A1293AAA-D860-41F5-9353-529FC183351C}.Debug|Any CPU.Build.0 = Debug|Any CPU
		{A1293AAA-D860-41F5-9353-529FC183351C}.Release|Any CPU.ActiveCfg = Release|Any CPU
		{A1293AAA-D860-41F5-9353-529FC183351C}.Release|Any CPU.Build.0 = Release|Any CPU
		{78033AF0-E91C-4B09-BFD5-705F61B65B79}.Debug|Any CPU.ActiveCfg = Debug|Any CPU
		{78033AF0-E91C-4B09-BFD5-705F61B65B79}.Debug|Any CPU.Build.0 = Debug|Any CPU
		{78033AF0-E91C-4B09-BFD5-705F61B65B79}.Release|Any CPU.ActiveCfg = Release|Any CPU
		{78033AF0-E91C-4B09-BFD5-705F61B65B79}.Release|Any CPU.Build.0 = Release|Any CPU
		{2C9BEF6D-4EA6-4607-9D29-8AD01813FF7E}.Debug|Any CPU.ActiveCfg = Debug|Any CPU
		{2C9BEF6D-4EA6-4607-9D29-8AD01813FF7E}.Debug|Any CPU.Build.0 = Debug|Any CPU
		{2C9BEF6D-4EA6-4607-9D29-8AD01813FF7E}.Release|Any CPU.ActiveCfg = Release|Any CPU
		{2C9BEF6D-4EA6-4607-9D29-8AD01813FF7E}.Release|Any CPU.Build.0 = Release|Any CPU
		{B29E62B9-67D6-4002-A379-A0F087DB629F}.Debug|Any CPU.ActiveCfg = Debug|Any CPU
		{B29E62B9-67D6-4002-A379-A0F087DB629F}.Debug|Any CPU.Build.0 = Debug|Any CPU
		{B29E62B9-67D6-4002-A379-A0F087DB629F}.Release|Any CPU.ActiveCfg = Release|Any CPU
		{B29E62B9-67D6-4002-A379-A0F087DB629F}.Release|Any CPU.Build.0 = Release|Any CPU
		{499E4018-A3E6-442B-B06E-EA1A6DDDB13E}.Debug|Any CPU.ActiveCfg = Debug|Any CPU
		{499E4018-A3E6-442B-B06E-EA1A6DDDB13E}.Debug|Any CPU.Build.0 = Debug|Any CPU
		{499E4018-A3E6-442B-B06E-EA1A6DDDB13E}.Release|Any CPU.ActiveCfg = Release|Any CPU
		{499E4018-A3E6-442B-B06E-EA1A6DDDB13E}.Release|Any CPU.Build.0 = Release|Any CPU
		{55BE530A-B5C6-431C-9826-C6C0A3AF388D}.Debug|Any CPU.ActiveCfg = Debug|Any CPU
		{55BE530A-B5C6-431C-9826-C6C0A3AF388D}.Debug|Any CPU.Build.0 = Debug|Any CPU
		{55BE530A-B5C6-431C-9826-C6C0A3AF388D}.Release|Any CPU.ActiveCfg = Release|Any CPU
		{55BE530A-B5C6-431C-9826-C6C0A3AF388D}.Release|Any CPU.Build.0 = Release|Any CPU
		{0C74B6F0-D6FB-4AA5-AD61-098EE328C58E}.Debug|Any CPU.ActiveCfg = Debug|Any CPU
		{0C74B6F0-D6FB-4AA5-AD61-098EE328C58E}.Debug|Any CPU.Build.0 = Debug|Any CPU
		{0C74B6F0-D6FB-4AA5-AD61-098EE328C58E}.Release|Any CPU.ActiveCfg = Release|Any CPU
		{0C74B6F0-D6FB-4AA5-AD61-098EE328C58E}.Release|Any CPU.Build.0 = Release|Any CPU
		{DE38AC4A-F592-4E9F-9412-BEDA3745D55A}.Debug|Any CPU.ActiveCfg = Debug|Any CPU
		{DE38AC4A-F592-4E9F-9412-BEDA3745D55A}.Debug|Any CPU.Build.0 = Debug|Any CPU
		{DE38AC4A-F592-4E9F-9412-BEDA3745D55A}.Release|Any CPU.ActiveCfg = Release|Any CPU
		{DE38AC4A-F592-4E9F-9412-BEDA3745D55A}.Release|Any CPU.Build.0 = Release|Any CPU
		{22A113F9-0AFE-442B-A734-5E8E004B5E9D}.Debug|Any CPU.ActiveCfg = Debug|Any CPU
		{22A113F9-0AFE-442B-A734-5E8E004B5E9D}.Debug|Any CPU.Build.0 = Debug|Any CPU
		{22A113F9-0AFE-442B-A734-5E8E004B5E9D}.Release|Any CPU.ActiveCfg = Release|Any CPU
		{22A113F9-0AFE-442B-A734-5E8E004B5E9D}.Release|Any CPU.Build.0 = Release|Any CPU
		{549A3E49-168A-4C90-BB28-D4B8AC31F5EF}.Debug|Any CPU.ActiveCfg = Debug|Any CPU
		{549A3E49-168A-4C90-BB28-D4B8AC31F5EF}.Debug|Any CPU.Build.0 = Debug|Any CPU
		{549A3E49-168A-4C90-BB28-D4B8AC31F5EF}.Release|Any CPU.ActiveCfg = Release|Any CPU
		{549A3E49-168A-4C90-BB28-D4B8AC31F5EF}.Release|Any CPU.Build.0 = Release|Any CPU
		{69C2C922-4B0A-453A-B1CE-E5777DF89D58}.Debug|Any CPU.ActiveCfg = Debug|Any CPU
		{69C2C922-4B0A-453A-B1CE-E5777DF89D58}.Debug|Any CPU.Build.0 = Debug|Any CPU
		{69C2C922-4B0A-453A-B1CE-E5777DF89D58}.Release|Any CPU.ActiveCfg = Release|Any CPU
		{69C2C922-4B0A-453A-B1CE-E5777DF89D58}.Release|Any CPU.Build.0 = Release|Any CPU
		{575540DF-EFCA-4271-B154-6DFD82DF6D39}.Debug|Any CPU.ActiveCfg = Debug|Any CPU
		{575540DF-EFCA-4271-B154-6DFD82DF6D39}.Debug|Any CPU.Build.0 = Debug|Any CPU
		{575540DF-EFCA-4271-B154-6DFD82DF6D39}.Release|Any CPU.ActiveCfg = Release|Any CPU
		{575540DF-EFCA-4271-B154-6DFD82DF6D39}.Release|Any CPU.Build.0 = Release|Any CPU
		{BE3C57CA-2D67-4245-B474-FA95914EF037}.Debug|Any CPU.ActiveCfg = Debug|Any CPU
		{BE3C57CA-2D67-4245-B474-FA95914EF037}.Debug|Any CPU.Build.0 = Debug|Any CPU
		{BE3C57CA-2D67-4245-B474-FA95914EF037}.Release|Any CPU.ActiveCfg = Release|Any CPU
		{BE3C57CA-2D67-4245-B474-FA95914EF037}.Release|Any CPU.Build.0 = Release|Any CPU
		{773E5241-067E-42A8-95F0-7781650E0ADF}.Debug|Any CPU.ActiveCfg = Debug|Any CPU
		{773E5241-067E-42A8-95F0-7781650E0ADF}.Debug|Any CPU.Build.0 = Debug|Any CPU
		{773E5241-067E-42A8-95F0-7781650E0ADF}.Release|Any CPU.ActiveCfg = Release|Any CPU
		{773E5241-067E-42A8-95F0-7781650E0ADF}.Release|Any CPU.Build.0 = Release|Any CPU
		{2790FA52-4532-4270-BC4D-8F6FB7A83581}.Debug|Any CPU.ActiveCfg = Debug|Any CPU
		{2790FA52-4532-4270-BC4D-8F6FB7A83581}.Debug|Any CPU.Build.0 = Debug|Any CPU
		{2790FA52-4532-4270-BC4D-8F6FB7A83581}.Release|Any CPU.ActiveCfg = Release|Any CPU
		{2790FA52-4532-4270-BC4D-8F6FB7A83581}.Release|Any CPU.Build.0 = Release|Any CPU
		{1A5F43AB-A577-4E31-B390-8A2E410B9A4E}.Debug|Any CPU.ActiveCfg = Debug|Any CPU
		{1A5F43AB-A577-4E31-B390-8A2E410B9A4E}.Debug|Any CPU.Build.0 = Debug|Any CPU
		{1A5F43AB-A577-4E31-B390-8A2E410B9A4E}.Release|Any CPU.ActiveCfg = Release|Any CPU
		{1A5F43AB-A577-4E31-B390-8A2E410B9A4E}.Release|Any CPU.Build.0 = Release|Any CPU
		{F806A337-0B99-44EB-86CB-2B4E51A7BE8E}.Debug|Any CPU.ActiveCfg = Debug|Any CPU
		{F806A337-0B99-44EB-86CB-2B4E51A7BE8E}.Debug|Any CPU.Build.0 = Debug|Any CPU
		{F806A337-0B99-44EB-86CB-2B4E51A7BE8E}.Release|Any CPU.ActiveCfg = Release|Any CPU
		{F806A337-0B99-44EB-86CB-2B4E51A7BE8E}.Release|Any CPU.Build.0 = Release|Any CPU
		{048A8502-2BB3-4229-ADEE-BB6996C4A521}.Debug|Any CPU.ActiveCfg = Debug|Any CPU
		{048A8502-2BB3-4229-ADEE-BB6996C4A521}.Debug|Any CPU.Build.0 = Debug|Any CPU
		{048A8502-2BB3-4229-ADEE-BB6996C4A521}.Release|Any CPU.ActiveCfg = Release|Any CPU
		{048A8502-2BB3-4229-ADEE-BB6996C4A521}.Release|Any CPU.Build.0 = Release|Any CPU
		{981441D0-EE22-49E1-8A90-FB59E74D4DBA}.Debug|Any CPU.ActiveCfg = Debug|Any CPU
		{981441D0-EE22-49E1-8A90-FB59E74D4DBA}.Debug|Any CPU.Build.0 = Debug|Any CPU
		{981441D0-EE22-49E1-8A90-FB59E74D4DBA}.Release|Any CPU.ActiveCfg = Release|Any CPU
		{981441D0-EE22-49E1-8A90-FB59E74D4DBA}.Release|Any CPU.Build.0 = Release|Any CPU
		{4A99AEBF-CFE7-4724-B72A-B14B296E9B81}.Debug|Any CPU.ActiveCfg = Debug|Any CPU
		{4A99AEBF-CFE7-4724-B72A-B14B296E9B81}.Debug|Any CPU.Build.0 = Debug|Any CPU
		{4A99AEBF-CFE7-4724-B72A-B14B296E9B81}.Release|Any CPU.ActiveCfg = Release|Any CPU
		{4A99AEBF-CFE7-4724-B72A-B14B296E9B81}.Release|Any CPU.Build.0 = Release|Any CPU
		{F0CAD149-79DE-42C3-BD2C-E268F3546D48}.Debug|Any CPU.ActiveCfg = Debug|Any CPU
		{F0CAD149-79DE-42C3-BD2C-E268F3546D48}.Debug|Any CPU.Build.0 = Debug|Any CPU
		{F0CAD149-79DE-42C3-BD2C-E268F3546D48}.Release|Any CPU.ActiveCfg = Release|Any CPU
		{F0CAD149-79DE-42C3-BD2C-E268F3546D48}.Release|Any CPU.Build.0 = Release|Any CPU
		{C9EB32DD-59C2-4E44-8DE0-0E078C9CB4E4}.Debug|Any CPU.ActiveCfg = Debug|Any CPU
		{C9EB32DD-59C2-4E44-8DE0-0E078C9CB4E4}.Debug|Any CPU.Build.0 = Debug|Any CPU
		{C9EB32DD-59C2-4E44-8DE0-0E078C9CB4E4}.Release|Any CPU.ActiveCfg = Release|Any CPU
		{C9EB32DD-59C2-4E44-8DE0-0E078C9CB4E4}.Release|Any CPU.Build.0 = Release|Any CPU
		{C5708B59-FA61-4AD1-8E23-426CA4F118F6}.Debug|Any CPU.ActiveCfg = Debug|Any CPU
		{C5708B59-FA61-4AD1-8E23-426CA4F118F6}.Debug|Any CPU.Build.0 = Debug|Any CPU
		{C5708B59-FA61-4AD1-8E23-426CA4F118F6}.Release|Any CPU.ActiveCfg = Release|Any CPU
		{C5708B59-FA61-4AD1-8E23-426CA4F118F6}.Release|Any CPU.Build.0 = Release|Any CPU
		{20E9E0FF-DF19-4769-A7AB-216C3D09E294}.Debug|Any CPU.ActiveCfg = Debug|Any CPU
		{20E9E0FF-DF19-4769-A7AB-216C3D09E294}.Debug|Any CPU.Build.0 = Debug|Any CPU
		{20E9E0FF-DF19-4769-A7AB-216C3D09E294}.Release|Any CPU.ActiveCfg = Release|Any CPU
		{20E9E0FF-DF19-4769-A7AB-216C3D09E294}.Release|Any CPU.Build.0 = Release|Any CPU
		{F7A185B1-7A77-4F49-B5C8-6F8C92D86C1F}.Debug|Any CPU.ActiveCfg = Debug|Any CPU
		{F7A185B1-7A77-4F49-B5C8-6F8C92D86C1F}.Debug|Any CPU.Build.0 = Debug|Any CPU
		{F7A185B1-7A77-4F49-B5C8-6F8C92D86C1F}.Release|Any CPU.ActiveCfg = Release|Any CPU
		{F7A185B1-7A77-4F49-B5C8-6F8C92D86C1F}.Release|Any CPU.Build.0 = Release|Any CPU
		{E792EDAE-03F3-45B4-A63D-3E774B3415C9}.Debug|Any CPU.ActiveCfg = Debug|Any CPU
		{E792EDAE-03F3-45B4-A63D-3E774B3415C9}.Debug|Any CPU.Build.0 = Debug|Any CPU
		{E792EDAE-03F3-45B4-A63D-3E774B3415C9}.Release|Any CPU.ActiveCfg = Release|Any CPU
		{E792EDAE-03F3-45B4-A63D-3E774B3415C9}.Release|Any CPU.Build.0 = Release|Any CPU
		{CA5CE061-F3C6-459A-BDEA-51CE1EF3BD74}.Debug|Any CPU.ActiveCfg = Debug|Any CPU
		{CA5CE061-F3C6-459A-BDEA-51CE1EF3BD74}.Debug|Any CPU.Build.0 = Debug|Any CPU
		{CA5CE061-F3C6-459A-BDEA-51CE1EF3BD74}.Release|Any CPU.ActiveCfg = Release|Any CPU
		{CA5CE061-F3C6-459A-BDEA-51CE1EF3BD74}.Release|Any CPU.Build.0 = Release|Any CPU
		{13AA94D1-E1F3-4753-A24E-39CB6EBE8D75}.Debug|Any CPU.ActiveCfg = Debug|Any CPU
		{13AA94D1-E1F3-4753-A24E-39CB6EBE8D75}.Debug|Any CPU.Build.0 = Debug|Any CPU
		{13AA94D1-E1F3-4753-A24E-39CB6EBE8D75}.Release|Any CPU.ActiveCfg = Release|Any CPU
		{13AA94D1-E1F3-4753-A24E-39CB6EBE8D75}.Release|Any CPU.Build.0 = Release|Any CPU
		{6BC2B6A3-B99B-4A64-8C8E-EC321EDCDAC2}.Debug|Any CPU.ActiveCfg = Debug|Any CPU
		{6BC2B6A3-B99B-4A64-8C8E-EC321EDCDAC2}.Debug|Any CPU.Build.0 = Debug|Any CPU
		{6BC2B6A3-B99B-4A64-8C8E-EC321EDCDAC2}.Release|Any CPU.ActiveCfg = Release|Any CPU
		{6BC2B6A3-B99B-4A64-8C8E-EC321EDCDAC2}.Release|Any CPU.Build.0 = Release|Any CPU
		{BB782579-B0A6-4362-A37A-4550AAE39FDF}.Debug|Any CPU.ActiveCfg = Debug|Any CPU
		{BB782579-B0A6-4362-A37A-4550AAE39FDF}.Debug|Any CPU.Build.0 = Debug|Any CPU
		{BB782579-B0A6-4362-A37A-4550AAE39FDF}.Release|Any CPU.ActiveCfg = Release|Any CPU
		{BB782579-B0A6-4362-A37A-4550AAE39FDF}.Release|Any CPU.Build.0 = Release|Any CPU
		{29A67293-3E3C-4421-A5F9-C95895000574}.Debug|Any CPU.ActiveCfg = Debug|Any CPU
		{29A67293-3E3C-4421-A5F9-C95895000574}.Debug|Any CPU.Build.0 = Debug|Any CPU
		{29A67293-3E3C-4421-A5F9-C95895000574}.Release|Any CPU.ActiveCfg = Release|Any CPU
		{29A67293-3E3C-4421-A5F9-C95895000574}.Release|Any CPU.Build.0 = Release|Any CPU
		{600EDC45-43B9-45FB-BFAF-C6B3A13D0DF2}.Debug|Any CPU.ActiveCfg = Debug|Any CPU
		{600EDC45-43B9-45FB-BFAF-C6B3A13D0DF2}.Debug|Any CPU.Build.0 = Debug|Any CPU
		{600EDC45-43B9-45FB-BFAF-C6B3A13D0DF2}.Release|Any CPU.ActiveCfg = Release|Any CPU
		{600EDC45-43B9-45FB-BFAF-C6B3A13D0DF2}.Release|Any CPU.Build.0 = Release|Any CPU
		{63339324-918D-4048-A9EC-416367087ABA}.Debug|Any CPU.ActiveCfg = Debug|Any CPU
		{63339324-918D-4048-A9EC-416367087ABA}.Debug|Any CPU.Build.0 = Debug|Any CPU
		{63339324-918D-4048-A9EC-416367087ABA}.Release|Any CPU.ActiveCfg = Release|Any CPU
		{63339324-918D-4048-A9EC-416367087ABA}.Release|Any CPU.Build.0 = Release|Any CPU
		{6E06ED70-894E-4D77-A435-4508BE181E51}.Debug|Any CPU.ActiveCfg = Debug|Any CPU
		{6E06ED70-894E-4D77-A435-4508BE181E51}.Debug|Any CPU.Build.0 = Debug|Any CPU
		{6E06ED70-894E-4D77-A435-4508BE181E51}.Release|Any CPU.ActiveCfg = Release|Any CPU
		{6E06ED70-894E-4D77-A435-4508BE181E51}.Release|Any CPU.Build.0 = Release|Any CPU
		{409AD283-8B81-4F4C-8D15-2AA95244FF7E}.Debug|Any CPU.ActiveCfg = Debug|Any CPU
		{409AD283-8B81-4F4C-8D15-2AA95244FF7E}.Debug|Any CPU.Build.0 = Debug|Any CPU
		{409AD283-8B81-4F4C-8D15-2AA95244FF7E}.Release|Any CPU.ActiveCfg = Release|Any CPU
		{409AD283-8B81-4F4C-8D15-2AA95244FF7E}.Release|Any CPU.Build.0 = Release|Any CPU
		{FB76420B-28D8-4623-9404-2DBECA1E1519}.Debug|Any CPU.ActiveCfg = Debug|Any CPU
		{FB76420B-28D8-4623-9404-2DBECA1E1519}.Debug|Any CPU.Build.0 = Debug|Any CPU
		{FB76420B-28D8-4623-9404-2DBECA1E1519}.Release|Any CPU.ActiveCfg = Release|Any CPU
		{FB76420B-28D8-4623-9404-2DBECA1E1519}.Release|Any CPU.Build.0 = Release|Any CPU
		{01D5797D-9BE9-4D35-B932-2A8CA457C525}.Debug|Any CPU.ActiveCfg = Debug|Any CPU
		{01D5797D-9BE9-4D35-B932-2A8CA457C525}.Debug|Any CPU.Build.0 = Debug|Any CPU
		{01D5797D-9BE9-4D35-B932-2A8CA457C525}.Release|Any CPU.ActiveCfg = Release|Any CPU
		{01D5797D-9BE9-4D35-B932-2A8CA457C525}.Release|Any CPU.Build.0 = Release|Any CPU
		{E803A567-39F0-47C2-B50D-B642F26FFA14}.Debug|Any CPU.ActiveCfg = Debug|Any CPU
		{E803A567-39F0-47C2-B50D-B642F26FFA14}.Debug|Any CPU.Build.0 = Debug|Any CPU
		{E803A567-39F0-47C2-B50D-B642F26FFA14}.Release|Any CPU.ActiveCfg = Release|Any CPU
		{E803A567-39F0-47C2-B50D-B642F26FFA14}.Release|Any CPU.Build.0 = Release|Any CPU
		{DC6B8026-B1E3-42D9-83E4-C32ED83364F8}.Debug|Any CPU.ActiveCfg = Debug|Any CPU
		{DC6B8026-B1E3-42D9-83E4-C32ED83364F8}.Debug|Any CPU.Build.0 = Debug|Any CPU
		{DC6B8026-B1E3-42D9-83E4-C32ED83364F8}.Release|Any CPU.ActiveCfg = Release|Any CPU
		{DC6B8026-B1E3-42D9-83E4-C32ED83364F8}.Release|Any CPU.Build.0 = Release|Any CPU
		{7C4313EF-8A5D-4756-8270-2924E87B04FF}.Debug|Any CPU.ActiveCfg = Debug|Any CPU
		{7C4313EF-8A5D-4756-8270-2924E87B04FF}.Debug|Any CPU.Build.0 = Debug|Any CPU
		{7C4313EF-8A5D-4756-8270-2924E87B04FF}.Release|Any CPU.ActiveCfg = Release|Any CPU
		{7C4313EF-8A5D-4756-8270-2924E87B04FF}.Release|Any CPU.Build.0 = Release|Any CPU
		{C93E78F9-D851-476B-A191-A8248E86356A}.Debug|Any CPU.ActiveCfg = Debug|Any CPU
		{C93E78F9-D851-476B-A191-A8248E86356A}.Debug|Any CPU.Build.0 = Debug|Any CPU
		{C93E78F9-D851-476B-A191-A8248E86356A}.Release|Any CPU.ActiveCfg = Release|Any CPU
		{C93E78F9-D851-476B-A191-A8248E86356A}.Release|Any CPU.Build.0 = Release|Any CPU
		{6A03C622-7856-4D92-8AAE-0D9443B11746}.Debug|Any CPU.ActiveCfg = Debug|Any CPU
		{6A03C622-7856-4D92-8AAE-0D9443B11746}.Debug|Any CPU.Build.0 = Debug|Any CPU
		{6A03C622-7856-4D92-8AAE-0D9443B11746}.Release|Any CPU.ActiveCfg = Release|Any CPU
		{6A03C622-7856-4D92-8AAE-0D9443B11746}.Release|Any CPU.Build.0 = Release|Any CPU
		{378F8066-D8F7-427E-880D-FA31BDEF5F52}.Debug|Any CPU.ActiveCfg = Debug|Any CPU
		{378F8066-D8F7-427E-880D-FA31BDEF5F52}.Debug|Any CPU.Build.0 = Debug|Any CPU
		{378F8066-D8F7-427E-880D-FA31BDEF5F52}.Release|Any CPU.ActiveCfg = Release|Any CPU
		{378F8066-D8F7-427E-880D-FA31BDEF5F52}.Release|Any CPU.Build.0 = Release|Any CPU
		{EB7BA1DC-1EFF-4362-9F62-E47C0D128211}.Debug|Any CPU.ActiveCfg = Debug|Any CPU
		{EB7BA1DC-1EFF-4362-9F62-E47C0D128211}.Debug|Any CPU.Build.0 = Debug|Any CPU
		{EB7BA1DC-1EFF-4362-9F62-E47C0D128211}.Release|Any CPU.ActiveCfg = Release|Any CPU
		{EB7BA1DC-1EFF-4362-9F62-E47C0D128211}.Release|Any CPU.Build.0 = Release|Any CPU
		{ABA7399E-FCA2-4C58-A6DC-A8B0D559BF18}.Debug|Any CPU.ActiveCfg = Debug|Any CPU
		{ABA7399E-FCA2-4C58-A6DC-A8B0D559BF18}.Debug|Any CPU.Build.0 = Debug|Any CPU
		{ABA7399E-FCA2-4C58-A6DC-A8B0D559BF18}.Release|Any CPU.ActiveCfg = Release|Any CPU
		{ABA7399E-FCA2-4C58-A6DC-A8B0D559BF18}.Release|Any CPU.Build.0 = Release|Any CPU
		{65378DE6-F901-45AB-A9D8-A85220149285}.Debug|Any CPU.ActiveCfg = Debug|Any CPU
		{65378DE6-F901-45AB-A9D8-A85220149285}.Debug|Any CPU.Build.0 = Debug|Any CPU
		{65378DE6-F901-45AB-A9D8-A85220149285}.Release|Any CPU.ActiveCfg = Release|Any CPU
		{65378DE6-F901-45AB-A9D8-A85220149285}.Release|Any CPU.Build.0 = Release|Any CPU
		{E0E2C5C1-A4E0-4257-A67D-C2F1413481EF}.Debug|Any CPU.ActiveCfg = Debug|Any CPU
		{E0E2C5C1-A4E0-4257-A67D-C2F1413481EF}.Debug|Any CPU.Build.0 = Debug|Any CPU
		{E0E2C5C1-A4E0-4257-A67D-C2F1413481EF}.Release|Any CPU.ActiveCfg = Release|Any CPU
		{E0E2C5C1-A4E0-4257-A67D-C2F1413481EF}.Release|Any CPU.Build.0 = Release|Any CPU
		{A4BD303D-3783-4F9F-A169-25CB1AAC5AD4}.Debug|Any CPU.ActiveCfg = Debug|Any CPU
		{A4BD303D-3783-4F9F-A169-25CB1AAC5AD4}.Debug|Any CPU.Build.0 = Debug|Any CPU
		{A4BD303D-3783-4F9F-A169-25CB1AAC5AD4}.Release|Any CPU.ActiveCfg = Release|Any CPU
		{A4BD303D-3783-4F9F-A169-25CB1AAC5AD4}.Release|Any CPU.Build.0 = Release|Any CPU
		{44DF584E-A93F-40A3-9FFC-14B4D75EAF58}.Debug|Any CPU.ActiveCfg = Debug|Any CPU
		{44DF584E-A93F-40A3-9FFC-14B4D75EAF58}.Debug|Any CPU.Build.0 = Debug|Any CPU
		{44DF584E-A93F-40A3-9FFC-14B4D75EAF58}.Release|Any CPU.ActiveCfg = Release|Any CPU
		{44DF584E-A93F-40A3-9FFC-14B4D75EAF58}.Release|Any CPU.Build.0 = Release|Any CPU
		{52639585-4D45-4E30-80F5-271E113A65D6}.Debug|Any CPU.ActiveCfg = Debug|Any CPU
		{52639585-4D45-4E30-80F5-271E113A65D6}.Debug|Any CPU.Build.0 = Debug|Any CPU
		{52639585-4D45-4E30-80F5-271E113A65D6}.Release|Any CPU.ActiveCfg = Release|Any CPU
		{52639585-4D45-4E30-80F5-271E113A65D6}.Release|Any CPU.Build.0 = Release|Any CPU
		{9DAF2E2E-6A68-44BA-9D19-01612C43276E}.Debug|Any CPU.ActiveCfg = Debug|Any CPU
		{9DAF2E2E-6A68-44BA-9D19-01612C43276E}.Debug|Any CPU.Build.0 = Debug|Any CPU
		{9DAF2E2E-6A68-44BA-9D19-01612C43276E}.Release|Any CPU.ActiveCfg = Release|Any CPU
		{9DAF2E2E-6A68-44BA-9D19-01612C43276E}.Release|Any CPU.Build.0 = Release|Any CPU
		{9286A7D1-85EE-43F7-A521-4AA519E99FD1}.Debug|Any CPU.ActiveCfg = Debug|Any CPU
		{9286A7D1-85EE-43F7-A521-4AA519E99FD1}.Debug|Any CPU.Build.0 = Debug|Any CPU
		{9286A7D1-85EE-43F7-A521-4AA519E99FD1}.Release|Any CPU.ActiveCfg = Release|Any CPU
		{9286A7D1-85EE-43F7-A521-4AA519E99FD1}.Release|Any CPU.Build.0 = Release|Any CPU
		{67DBB264-BCC3-4022-A26D-827C841DC29C}.Debug|Any CPU.ActiveCfg = Debug|Any CPU
		{67DBB264-BCC3-4022-A26D-827C841DC29C}.Debug|Any CPU.Build.0 = Debug|Any CPU
		{67DBB264-BCC3-4022-A26D-827C841DC29C}.Release|Any CPU.ActiveCfg = Release|Any CPU
		{67DBB264-BCC3-4022-A26D-827C841DC29C}.Release|Any CPU.Build.0 = Release|Any CPU
		{CDC933E6-2153-417A-A559-20023F18A6D2}.Debug|Any CPU.ActiveCfg = Debug|Any CPU
		{CDC933E6-2153-417A-A559-20023F18A6D2}.Debug|Any CPU.Build.0 = Debug|Any CPU
		{CDC933E6-2153-417A-A559-20023F18A6D2}.Release|Any CPU.ActiveCfg = Release|Any CPU
		{CDC933E6-2153-417A-A559-20023F18A6D2}.Release|Any CPU.Build.0 = Release|Any CPU
		{13608A05-CB71-4BB9-9267-F8B90AF21935}.Debug|Any CPU.ActiveCfg = Debug|Any CPU
		{13608A05-CB71-4BB9-9267-F8B90AF21935}.Debug|Any CPU.Build.0 = Debug|Any CPU
		{13608A05-CB71-4BB9-9267-F8B90AF21935}.Release|Any CPU.ActiveCfg = Release|Any CPU
		{13608A05-CB71-4BB9-9267-F8B90AF21935}.Release|Any CPU.Build.0 = Release|Any CPU
		{302F1DA5-8E8D-45D1-9B4B-9A49146C0E04}.Debug|Any CPU.ActiveCfg = Debug|Any CPU
		{302F1DA5-8E8D-45D1-9B4B-9A49146C0E04}.Debug|Any CPU.Build.0 = Debug|Any CPU
		{302F1DA5-8E8D-45D1-9B4B-9A49146C0E04}.Release|Any CPU.ActiveCfg = Release|Any CPU
		{302F1DA5-8E8D-45D1-9B4B-9A49146C0E04}.Release|Any CPU.Build.0 = Release|Any CPU
		{C6EF3342-551E-428A-BEFE-346C7B91B9CE}.Debug|Any CPU.ActiveCfg = Debug|Any CPU
		{C6EF3342-551E-428A-BEFE-346C7B91B9CE}.Debug|Any CPU.Build.0 = Debug|Any CPU
		{C6EF3342-551E-428A-BEFE-346C7B91B9CE}.Release|Any CPU.ActiveCfg = Release|Any CPU
		{C6EF3342-551E-428A-BEFE-346C7B91B9CE}.Release|Any CPU.Build.0 = Release|Any CPU
		{085F60A7-E0E1-4236-98DA-487641D690D3}.Debug|Any CPU.ActiveCfg = Debug|Any CPU
		{085F60A7-E0E1-4236-98DA-487641D690D3}.Debug|Any CPU.Build.0 = Debug|Any CPU
		{085F60A7-E0E1-4236-98DA-487641D690D3}.Release|Any CPU.ActiveCfg = Release|Any CPU
		{085F60A7-E0E1-4236-98DA-487641D690D3}.Release|Any CPU.Build.0 = Release|Any CPU
		{028CDA2A-DAF9-42FF-9BB9-3E926BDD3149}.Debug|Any CPU.ActiveCfg = Debug|Any CPU
		{028CDA2A-DAF9-42FF-9BB9-3E926BDD3149}.Debug|Any CPU.Build.0 = Debug|Any CPU
		{028CDA2A-DAF9-42FF-9BB9-3E926BDD3149}.Release|Any CPU.ActiveCfg = Release|Any CPU
		{028CDA2A-DAF9-42FF-9BB9-3E926BDD3149}.Release|Any CPU.Build.0 = Release|Any CPU
		{35A9F39E-344D-4460-BC4E-1B120ADDA723}.Debug|Any CPU.ActiveCfg = Debug|Any CPU
		{35A9F39E-344D-4460-BC4E-1B120ADDA723}.Debug|Any CPU.Build.0 = Debug|Any CPU
		{35A9F39E-344D-4460-BC4E-1B120ADDA723}.Release|Any CPU.ActiveCfg = Release|Any CPU
		{35A9F39E-344D-4460-BC4E-1B120ADDA723}.Release|Any CPU.Build.0 = Release|Any CPU
		{FEB7BEA1-E449-4CBD-B2EE-551F0F2C22DA}.Debug|Any CPU.ActiveCfg = Debug|Any CPU
		{FEB7BEA1-E449-4CBD-B2EE-551F0F2C22DA}.Debug|Any CPU.Build.0 = Debug|Any CPU
		{FEB7BEA1-E449-4CBD-B2EE-551F0F2C22DA}.Release|Any CPU.ActiveCfg = Release|Any CPU
		{FEB7BEA1-E449-4CBD-B2EE-551F0F2C22DA}.Release|Any CPU.Build.0 = Release|Any CPU
		{5D529418-F539-46BF-A8A9-307B060746EC}.Debug|Any CPU.ActiveCfg = Debug|Any CPU
		{5D529418-F539-46BF-A8A9-307B060746EC}.Debug|Any CPU.Build.0 = Debug|Any CPU
		{5D529418-F539-46BF-A8A9-307B060746EC}.Release|Any CPU.ActiveCfg = Release|Any CPU
		{5D529418-F539-46BF-A8A9-307B060746EC}.Release|Any CPU.Build.0 = Release|Any CPU
		{998D27F1-843E-48CC-AB6E-BA76AE8FE12D}.Debug|Any CPU.ActiveCfg = Debug|Any CPU
		{998D27F1-843E-48CC-AB6E-BA76AE8FE12D}.Debug|Any CPU.Build.0 = Debug|Any CPU
		{998D27F1-843E-48CC-AB6E-BA76AE8FE12D}.Release|Any CPU.ActiveCfg = Release|Any CPU
		{998D27F1-843E-48CC-AB6E-BA76AE8FE12D}.Release|Any CPU.Build.0 = Release|Any CPU
	EndGlobalSection
	GlobalSection(SolutionProperties) = preSolution
		HideSolutionNode = FALSE
	EndGlobalSection
	GlobalSection(ExtensibilityGlobals) = postSolution
		SolutionGuid = {3E5F1265-02A6-4526-8EDD-05FEA6B0D9B2}
	EndGlobalSection
EndGlobal
